{
  "originHash" : "19af00cacc8bcca9d1b8906da7f9dede8ea2143854e686ec099e4a4f0716d522",
  "pins" : [
    {
      "identity" : "raylib-build",
      "kind" : "remoteSourceControl",
      "location" : "https://github.com/Lancelotbronner/raylib-build.git",
      "state" : {
        "revision" : "3efc4f33c5ff9fe81c37fbf04d727426d142ea23",
        "version" : "5.5.2"
      }
    }
  ],
  "version" : 3
}
