{
  "originHash" : "7f3e3c3cde041a4134c69db307e8a25cf2b64cc583f14b4a3c2c386d2dd3a9e3",
  "pins" : [
    {
      "identity" : "raylib-build",
      "kind" : "remoteSourceControl",
      "location" : "https://github.com/Lancelotbronner/raylib-build.git",
      "state" : {
        "revision" : "6cf441e9847ea454d17b18d0f28475ea211acefc",
        "version" : "5.5.1"
      }
    }
  ],
  "version" : 3
}
